
Microsoft Visual Studio Solution File, Format Version 12.00
# Visual Studio Version 16
VisualStudioVersion = 16.0.29020.237
MinimumVisualStudioVersion = 10.0.40219.1
Project("{FAE04EC0-301F-11D3-BF4B-00C04F79EFBC}") = "StoreWebApi", "StoreWebApi\StoreWebApi.csproj", "{1FC86AD7-B494-4663-8EA4-529B21FBF01B}"
EndProject
Global
	GlobalSection(SolutionConfigurationPlatforms) = preSolution
		Debug|Any CPU = Debug|Any CPU
		Release|Any CPU = Release|Any CPU
	EndGlobalSection
	GlobalSection(ProjectConfigurationPlatforms) = postSolution
		{1FC86AD7-B494-4663-8EA4-529B21FBF01B}.Debug|Any CPU.ActiveCfg = Debug|Any CPU
		{1FC86AD7-B494-4663-8EA4-529B21FBF01B}.Debug|Any CPU.Build.0 = Debug|Any CPU
		{1FC86AD7-B494-4663-8EA4-529B21FBF01B}.Release|Any CPU.ActiveCfg = Release|Any CPU
		{1FC86AD7-B494-4663-8EA4-529B21FBF01B}.Release|Any CPU.Build.0 = Release|Any CPU
	EndGlobalSection
	GlobalSection(SolutionProperties) = preSolution
		HideSolutionNode = FALSE
	EndGlobalSection
	GlobalSection(ExtensibilityGlobals) = postSolution
		SolutionGuid = {4D2C73A2-5D35-441C-B9BE-1D13AE000A10}
	EndGlobalSection
EndGlobal
